{
  "pins" : [
    {
      "identity" : "swift-syntax",
      "kind" : "remoteSourceControl",
      "location" : "https://github.com/swift-precompiled/swift-syntax.git",
      "state" : {
        "revision" : "fc197a24fb2e77609fbe3d94624e36f84d758099",
        "version" : "601.0.1"
      }
    }
  ],
  "version" : 2
}
